
Microsoft Visual Studio Solution File, Format Version 12.00
# Visual Studio Version 16
VisualStudioVersion = 16.0.32002.261
MinimumVisualStudioVersion = 10.0.40219.1
Project("{FAE04EC0-301F-11D3-BF4B-00C04F79EFBC}") = "kutuphaneUygulamasi", "kutuphaneUygulamasi\kutuphaneUygulamasi.csproj", "{722FCD7A-826B-4D24-A994-3EB3EC3781C4}"
EndProject
Project("{FAE04EC0-301F-11D3-BF4B-00C04F79EFBC}") = "kutuphaneUygulamasi.Data", "kutuphaneUygulamasi.Data\kutuphaneUygulamasi.Data.csproj", "{242699F0-FEF8-4A08-B8A3-5D9882AC4A9D}"
EndProject
Global
	GlobalSection(SolutionConfigurationPlatforms) = preSolution
		Debug|Any CPU = Debug|Any CPU
		Release|Any CPU = Release|Any CPU
	EndGlobalSection
	GlobalSection(ProjectConfigurationPlatforms) = postSolution
		{722FCD7A-826B-4D24-A994-3EB3EC3781C4}.Debug|Any CPU.ActiveCfg = Debug|Any CPU
		{722FCD7A-826B-4D24-A994-3EB3EC3781C4}.Debug|Any CPU.Build.0 = Debug|Any CPU
		{722FCD7A-826B-4D24-A994-3EB3EC3781C4}.Release|Any CPU.ActiveCfg = Release|Any CPU
		{722FCD7A-826B-4D24-A994-3EB3EC3781C4}.Release|Any CPU.Build.0 = Release|Any CPU
		{242699F0-FEF8-4A08-B8A3-5D9882AC4A9D}.Debug|Any CPU.ActiveCfg = Debug|Any CPU
		{242699F0-FEF8-4A08-B8A3-5D9882AC4A9D}.Debug|Any CPU.Build.0 = Debug|Any CPU
		{242699F0-FEF8-4A08-B8A3-5D9882AC4A9D}.Release|Any CPU.ActiveCfg = Release|Any CPU
		{242699F0-FEF8-4A08-B8A3-5D9882AC4A9D}.Release|Any CPU.Build.0 = Release|Any CPU
	EndGlobalSection
	GlobalSection(SolutionProperties) = preSolution
		HideSolutionNode = FALSE
	EndGlobalSection
	GlobalSection(ExtensibilityGlobals) = postSolution
		SolutionGuid = {B516339B-D0A8-458C-918B-57F0C36A78A5}
	EndGlobalSection
EndGlobal
